
Microsoft Visual Studio Solution File, Format Version 12.00
# Visual Studio 2013
VisualStudioVersion = 12.0.0.0
MinimumVisualStudioVersion = 10.0.0.1
Project("{FAE04EC0-301F-11D3-BF4B-00C04F79EFBC}") = "Sqlcollective.Dbatools", "Sqlcollective.Dbatools\Sqlcollective.Dbatools.csproj", "{6FD16582-BEC1-45B4-8CB8-FCF67E62A8C4}"
EndProject
Project("{FAE04EC0-301F-11D3-BF4B-00C04F79EFBC}") = "Sqlcollective.Dbatools.Tests", "Sqlcollective.Dbatools.Tests\Sqlcollective.Dbatools.Tests.csproj", "{2B98E73F-5978-48AF-A344-AB187DB5F1BA}"
EndProject
Global
	GlobalSection(SolutionConfigurationPlatforms) = preSolution
		Debug|Any CPU = Debug|Any CPU
		Release|Any CPU = Release|Any CPU
	EndGlobalSection
	GlobalSection(ProjectConfigurationPlatforms) = postSolution
		{6FD16582-BEC1-45B4-8CB8-FCF67E62A8C4}.Debug|Any CPU.ActiveCfg = Debug|Any CPU
		{6FD16582-BEC1-45B4-8CB8-FCF67E62A8C4}.Debug|Any CPU.Build.0 = Debug|Any CPU
		{6FD16582-BEC1-45B4-8CB8-FCF67E62A8C4}.Release|Any CPU.ActiveCfg = Release|Any CPU
		{6FD16582-BEC1-45B4-8CB8-FCF67E62A8C4}.Release|Any CPU.Build.0 = Release|Any CPU
		{2B98E73F-5978-48AF-A344-AB187DB5F1BA}.Debug|Any CPU.ActiveCfg = Debug|Any CPU
		{2B98E73F-5978-48AF-A344-AB187DB5F1BA}.Debug|Any CPU.Build.0 = Debug|Any CPU
		{2B98E73F-5978-48AF-A344-AB187DB5F1BA}.Release|Any CPU.ActiveCfg = Release|Any CPU
		{2B98E73F-5978-48AF-A344-AB187DB5F1BA}.Release|Any CPU.Build.0 = Release|Any CPU
	EndGlobalSection
	GlobalSection(SolutionProperties) = preSolution
		HideSolutionNode = FALSE
	EndGlobalSection
EndGlobal
